NeoBundleLock ReplaceWithRegister 832efc23111d19591d495dc72286de2fb0b09345
NeoBundleLock base16-vim 4548401064a18452678dd0b983af10915334aa93
NeoBundleLock iceberg.vim 672eb7fa22fccc70ecb3e5f30e9290c90e8490aa
NeoBundleLock neomake f3f2aaa3fde8ef9265de631b2a4b46a005a9262d
NeoBundleLock vim ad843ec594eccf1ba8595e034ca1c965ff41f39e
NeoBundleLock vim-classpath 1ef18a10512fe0f84bb2c412b38e613c331a7b55
NeoBundleLock vim-dispatch 5f5c22c9ed48ee64fc5f02ac3acd543b97732fe8
NeoBundleLock vim-easy-align 0cb6b98fc155717b0a56c110551ac57d1d951ddb
NeoBundleLock vim-easymotion 5c6f3cd9a713491e6b32752a05c45198aa91540a
NeoBundleLock vim-one 80502b009f3aa703ce4e34dc6a96c88888916da5
NeoBundleLock vim-sort-motion 20a599cdda221d48627c3bce23d779c41d508ce8
NeoBundleLock vim-textobj-css b4f30cfff5c46bb7a60ceef76e28ac1b0872339c
