NeoBundleLock ReplaceWithRegister 832efc23111d19591d495dc72286de2fb0b09345
NeoBundleLock ale 945ed7d4e7d801108103e97ac41063a85c3b4c5d
NeoBundleLock base16-vim e5f2e537430714e0f07e2ca914c93710704dd9e1
NeoBundleLock iceberg.vim 1ab51428cef410e1580e4fcc91edd682ac7fda58
NeoBundleLock mediawiki.vim 26e5737264354be41cb11d16d48132779795e168
NeoBundleLock nova-vim 493154a3f40be367a216edf4371b280ee018f806
NeoBundleLock tender 6b0497a59233b3e67fb528a498069eb1d24743f9
NeoBundleLock vim 6a5bf34193927c70b6c21dcbe1c130d2ab0951d6
NeoBundleLock vim-classpath 1ef18a10512fe0f84bb2c412b38e613c331a7b55
NeoBundleLock vim-dispatch d6927ff305cc13a605907de8511a738c2f8b2892
NeoBundleLock vim-easy-align 3b395bd5bafbdfb1f93190fa3f259b7ad2e40eb9
NeoBundleLock vim-easymotion d55e7bf515eab93e0b49f6f762bf5b0bf808264d
NeoBundleLock vim-fish 825853f4816a07e59ea2ecee1190ab6a5d9ef991
NeoBundleLock vim-hybrid cc58baabeabc7b83768e25b852bf89c34756bf90
NeoBundleLock vim-one 285706179a6ef2d7dda25b8de51aec6bb2965085
NeoBundleLock vim-sort-motion 9833b22b24b469574178bff4a305472d52bd93b8
NeoBundleLock vim-textobj-css b4f30cfff5c46bb7a60ceef76e28ac1b0872339c
NeoBundleLock wmgraphviz.vim eff46932ef8324ab605c18619e94f6b631d805e2
