NeoBundleLock Dockerfile.vim ad5e37c1b03a1bcc69b7cfcab50ee677bba2941d
NeoBundleLock Zenburn f7847fb1531b91e2b4bb4aed5db3146f07765179
NeoBundleLock badwolf fdbdbe0af63717aa8f8d2b1487253056bb7b2403
NeoBundleLock ctrlp.vim b5d3fe66a58a13d2ff8b6391f4387608496a030f
NeoBundleLock gundo.vim 3975ac871565115e3769dc69c06bc88ddc1369af
NeoBundleLock jellybeans.vim f931895c20681684278aef2ffd810730b9c36ec3
NeoBundleLock lightline.vim 616837f44e4606257f134e6cf3f9cd4e8098019a
NeoBundleLock molokai c67bdfcdb31415aa0ade7f8c003261700a885476
NeoBundleLock neobundle.vim 7a7022e7107168d8cb2be415d82156baa17dfb92
NeoBundleLock nerdtree cedb40b4f584948133af1939247131a632837021
NeoBundleLock rust.vim d658edfde7000000c25e981a860647a1f308e255
NeoBundleLock supertab 9f7da6d4988daf863ebc414f221bb12c2614f59e
NeoBundleLock syntastic 7d627000cec9f71cb162aeebdc929178e228a704
NeoBundleLock tabular 60f25648814f0695eeb6c1040d97adca93c4e0bb
NeoBundleLock tcomment_vim f5ca095f3caed4b267737d033d23cea421777149
NeoBundleLock tomdoc.vim 117349fd04d97d9d41ab6790ede77cb1e94275b3
NeoBundleLock vim-coffee-script 32fe889b8cafd3a4921ef8e6485156453ff58c42
NeoBundleLock vim-colors-pencil dc39ee30ef67ec7d3d8efc3b9c274f5411cf7aad
NeoBundleLock vim-colors-solarized 528a59f26d12278698bb946f8fb82a63711eec21
NeoBundleLock vim-endwise f06abe3d6eca6f6ebfc31ea3163a51575f450df6
NeoBundleLock vim-fugitive 1ecd12d523ffe031b5840316eeae1f24dd8920e4
NeoBundleLock vim-irblack 59622caff32a7925181ab139701fad3eee54ae51
NeoBundleLock vim-markdown 67b59d559bafc505b0a75425a50149b6025566fc
NeoBundleLock vim-mustache-handlebars d1c983f3dd9a159c128c5192062caf7d47fd0f14
NeoBundleLock vim-pyte a1071f30656b26645b69f59e1e05257829a39620
NeoBundleLock vim-rails e25769a7f42d86b38d6ee87350ff2f6a37e68258
NeoBundleLock vim-ruby 7a0469404d845503d1ec81d06a1b87a13c0905a1
NeoBundleLock vim-surround 2d05440ad23f97a7874ebd9b5de3a0e65d25d85c
NeoBundleLock vim-textobj-ruby 9f91e3a7e679dc20fd7a8fe77082da36ffa6cbf9
NeoBundleLock vim-textobj-user a3054162c09bcf732624f43ddacbd85dad09713b
NeoBundleLock vim-tmux-navigator 999d252134d7bcd5e488a611f795c6500c198d92
NeoBundleLock vim-toml f6f79f3cc6740dfacca73a195857cbc45e778912
NeoBundleLock vim-tomorrow-theme f45a2ca260d825b6aee72621f8f6158d815ac472
NeoBundleLock vim-trailing-whitespace 478b217d299b6f5938b43a4929d6bb0907cc3a56
